
Microsoft Visual Studio Solution File, Format Version 12.00
# Visual Studio Version 17
VisualStudioVersion = 17.5.002.0
MinimumVisualStudioVersion = 10.0.40219.1
Project("{9A19103F-16F7-4668-BE54-9A1E7A4F7556}") = "FormSubmission", "FormSubmission.csproj", "{1DE7E7B5-752D-4F92-B2DE-42B84A17DDCE}"
EndProject
Global
	GlobalSection(SolutionConfigurationPlatforms) = preSolution
		Debug|Any CPU = Debug|Any CPU
		Release|Any CPU = Release|Any CPU
	EndGlobalSection
	GlobalSection(ProjectConfigurationPlatforms) = postSolution
		{1DE7E7B5-752D-4F92-B2DE-42B84A17DDCE}.Debug|Any CPU.ActiveCfg = Debug|Any CPU
		{1DE7E7B5-752D-4F92-B2DE-42B84A17DDCE}.Debug|Any CPU.Build.0 = Debug|Any CPU
		{1DE7E7B5-752D-4F92-B2DE-42B84A17DDCE}.Release|Any CPU.ActiveCfg = Release|Any CPU
		{1DE7E7B5-752D-4F92-B2DE-42B84A17DDCE}.Release|Any CPU.Build.0 = Release|Any CPU
	EndGlobalSection
	GlobalSection(SolutionProperties) = preSolution
		HideSolutionNode = FALSE
	EndGlobalSection
	GlobalSection(ExtensibilityGlobals) = postSolution
		SolutionGuid = {F778F5A2-9297-4B38-B8AE-B66CD454337D}
	EndGlobalSection
EndGlobal
